
Microsoft Visual Studio Solution File, Format Version 12.00
# Visual Studio 14
VisualStudioVersion = 14.0.24720.0
MinimumVisualStudioVersion = 10.0.40219.1
Project("{FAE04EC0-301F-11D3-BF4B-00C04F79EFBC}") = "Vibrant.InfluxDB.Client", "src\Vibrant.InfluxDB.Client\Vibrant.InfluxDB.Client.csproj", "{8CF9ADB5-1E2F-417C-AFEC-0B21693F5A02}"
EndProject
Project("{2150E333-8FDC-42A3-9474-1A3956D46DE8}") = "src", "src", "{C5AF8D3A-6594-498E-B42A-0D91E1271567}"
EndProject
Project("{2150E333-8FDC-42A3-9474-1A3956D46DE8}") = "test", "test", "{C9FDD26D-51CE-4759-942C-3AB64C04D511}"
EndProject
Project("{FAE04EC0-301F-11D3-BF4B-00C04F79EFBC}") = "Vibrant.InfluxDB.Client.Tests", "test\Vibrant.InfluxDB.Client.Tests\Vibrant.InfluxDB.Client.Tests.csproj", "{8E139358-EE18-45B6-B7A3-BF08A2A172F9}"
EndProject
Project("{FAE04EC0-301F-11D3-BF4B-00C04F79EFBC}") = "Vibrant.InfluxDB.Client.ConsoleApp", "test\Vibrant.InfluxDB.Client.ConsoleApp\Vibrant.InfluxDB.Client.ConsoleApp.csproj", "{BDDAAE67-D385-49B2-92D3-75AB8DA2B6FF}"
EndProject
Project("{FAE04EC0-301F-11D3-BF4B-00C04F79EFBC}") = "Vibrant.InfluxDB.Client.Portable", "src\Vibrant.InfluxDB.Client.Portable\Vibrant.InfluxDB.Client.Portable.csproj", "{EF5D795E-80D3-4FCE-AC7D-596734BB5DF6}"
EndProject
Global
	GlobalSection(SolutionConfigurationPlatforms) = preSolution
		Debug|Any CPU = Debug|Any CPU
		Release|Any CPU = Release|Any CPU
	EndGlobalSection
	GlobalSection(ProjectConfigurationPlatforms) = postSolution
		{8CF9ADB5-1E2F-417C-AFEC-0B21693F5A02}.Debug|Any CPU.ActiveCfg = Debug|Any CPU
		{8CF9ADB5-1E2F-417C-AFEC-0B21693F5A02}.Debug|Any CPU.Build.0 = Debug|Any CPU
		{8CF9ADB5-1E2F-417C-AFEC-0B21693F5A02}.Release|Any CPU.ActiveCfg = Release|Any CPU
		{8CF9ADB5-1E2F-417C-AFEC-0B21693F5A02}.Release|Any CPU.Build.0 = Release|Any CPU
		{8E139358-EE18-45B6-B7A3-BF08A2A172F9}.Debug|Any CPU.ActiveCfg = Debug|Any CPU
		{8E139358-EE18-45B6-B7A3-BF08A2A172F9}.Debug|Any CPU.Build.0 = Debug|Any CPU
		{8E139358-EE18-45B6-B7A3-BF08A2A172F9}.Release|Any CPU.ActiveCfg = Release|Any CPU
		{8E139358-EE18-45B6-B7A3-BF08A2A172F9}.Release|Any CPU.Build.0 = Release|Any CPU
		{BDDAAE67-D385-49B2-92D3-75AB8DA2B6FF}.Debug|Any CPU.ActiveCfg = Debug|Any CPU
		{BDDAAE67-D385-49B2-92D3-75AB8DA2B6FF}.Debug|Any CPU.Build.0 = Debug|Any CPU
		{BDDAAE67-D385-49B2-92D3-75AB8DA2B6FF}.Release|Any CPU.ActiveCfg = Release|Any CPU
		{BDDAAE67-D385-49B2-92D3-75AB8DA2B6FF}.Release|Any CPU.Build.0 = Release|Any CPU
		{EF5D795E-80D3-4FCE-AC7D-596734BB5DF6}.Debug|Any CPU.ActiveCfg = Debug|Any CPU
		{EF5D795E-80D3-4FCE-AC7D-596734BB5DF6}.Debug|Any CPU.Build.0 = Debug|Any CPU
		{EF5D795E-80D3-4FCE-AC7D-596734BB5DF6}.Release|Any CPU.ActiveCfg = Release|Any CPU
		{EF5D795E-80D3-4FCE-AC7D-596734BB5DF6}.Release|Any CPU.Build.0 = Release|Any CPU
	EndGlobalSection
	GlobalSection(SolutionProperties) = preSolution
		HideSolutionNode = FALSE
	EndGlobalSection
	GlobalSection(NestedProjects) = preSolution
		{8CF9ADB5-1E2F-417C-AFEC-0B21693F5A02} = {C5AF8D3A-6594-498E-B42A-0D91E1271567}
		{8E139358-EE18-45B6-B7A3-BF08A2A172F9} = {C9FDD26D-51CE-4759-942C-3AB64C04D511}
		{BDDAAE67-D385-49B2-92D3-75AB8DA2B6FF} = {C9FDD26D-51CE-4759-942C-3AB64C04D511}
		{EF5D795E-80D3-4FCE-AC7D-596734BB5DF6} = {C5AF8D3A-6594-498E-B42A-0D91E1271567}
	EndGlobalSection
EndGlobal
