
Microsoft Visual Studio Solution File, Format Version 12.00
# Visual Studio 14
VisualStudioVersion = 14.0.24720.0
MinimumVisualStudioVersion = 10.0.40219.1
Project("{2150E333-8FDC-42A3-9474-1A3956D46DE8}") = "src", "src", "{026FE852-A7D4-4337-A135-9BFCD67F101B}"
EndProject
Project("{2150E333-8FDC-42A3-9474-1A3956D46DE8}") = "Solution Items", "Solution Items", "{153A7EA8-EFED-48C7-8097-B95C903A0397}"
	ProjectSection(SolutionItems) = preProject
		global.json = global.json
	EndProjectSection
EndProject
Project("{8BB2217D-0F2D-49D1-97BC-3654ED321F3B}") = "Vibrant.InfluxDB.Client", "src\Vibrant.InfluxDB.Client\Vibrant.InfluxDB.Client.xproj", "{85CA1A00-439F-4BA7-B024-6C8D62F2216D}"
EndProject
Project("{2150E333-8FDC-42A3-9474-1A3956D46DE8}") = "test", "test", "{ADF0BC7C-6CC0-468F-B64D-0FFCCDA39C73}"
EndProject
Project("{8BB2217D-0F2D-49D1-97BC-3654ED321F3B}") = "Vibrant.InfluxDB.Client.Tests", "test\Vibrant.InfluxDB.Client.Tests\Vibrant.InfluxDB.Client.Tests.xproj", "{E3BEA4A7-87D7-4E09-B2C0-04E7EA11FF43}"
EndProject
Project("{8BB2217D-0F2D-49D1-97BC-3654ED321F3B}") = "Vibrant.InfluxDB.Client.ConsoleApp", "test\Vibrant.InfluxDB.Client.ConsoleApp\Vibrant.InfluxDB.Client.ConsoleApp.xproj", "{6924A02F-A83D-4DA5-B800-FCBFC7A97C7E}"
EndProject
Global
	GlobalSection(SolutionConfigurationPlatforms) = preSolution
		Debug|Any CPU = Debug|Any CPU
		Release|Any CPU = Release|Any CPU
	EndGlobalSection
	GlobalSection(ProjectConfigurationPlatforms) = postSolution
		{85CA1A00-439F-4BA7-B024-6C8D62F2216D}.Debug|Any CPU.ActiveCfg = Debug|Any CPU
		{85CA1A00-439F-4BA7-B024-6C8D62F2216D}.Debug|Any CPU.Build.0 = Debug|Any CPU
		{85CA1A00-439F-4BA7-B024-6C8D62F2216D}.Release|Any CPU.ActiveCfg = Release|Any CPU
		{85CA1A00-439F-4BA7-B024-6C8D62F2216D}.Release|Any CPU.Build.0 = Release|Any CPU
		{E3BEA4A7-87D7-4E09-B2C0-04E7EA11FF43}.Debug|Any CPU.ActiveCfg = Debug|Any CPU
		{E3BEA4A7-87D7-4E09-B2C0-04E7EA11FF43}.Debug|Any CPU.Build.0 = Debug|Any CPU
		{E3BEA4A7-87D7-4E09-B2C0-04E7EA11FF43}.Release|Any CPU.ActiveCfg = Release|Any CPU
		{E3BEA4A7-87D7-4E09-B2C0-04E7EA11FF43}.Release|Any CPU.Build.0 = Release|Any CPU
		{6924A02F-A83D-4DA5-B800-FCBFC7A97C7E}.Debug|Any CPU.ActiveCfg = Debug|Any CPU
		{6924A02F-A83D-4DA5-B800-FCBFC7A97C7E}.Debug|Any CPU.Build.0 = Debug|Any CPU
		{6924A02F-A83D-4DA5-B800-FCBFC7A97C7E}.Release|Any CPU.ActiveCfg = Release|Any CPU
		{6924A02F-A83D-4DA5-B800-FCBFC7A97C7E}.Release|Any CPU.Build.0 = Release|Any CPU
	EndGlobalSection
	GlobalSection(SolutionProperties) = preSolution
		HideSolutionNode = FALSE
	EndGlobalSection
	GlobalSection(NestedProjects) = preSolution
		{85CA1A00-439F-4BA7-B024-6C8D62F2216D} = {026FE852-A7D4-4337-A135-9BFCD67F101B}
		{E3BEA4A7-87D7-4E09-B2C0-04E7EA11FF43} = {ADF0BC7C-6CC0-468F-B64D-0FFCCDA39C73}
		{6924A02F-A83D-4DA5-B800-FCBFC7A97C7E} = {ADF0BC7C-6CC0-468F-B64D-0FFCCDA39C73}
	EndGlobalSection
EndGlobal
